
Microsoft Visual Studio Solution File, Format Version 12.00
# Visual Studio 14
VisualStudioVersion = 14.0.25420.1
MinimumVisualStudioVersion = 10.0.40219.1
Project("{FAE04EC0-301F-11D3-BF4B-00C04F79EFBC}") = "OopsPractice", "OopsPractice.csproj", "{A648F46E-500E-4711-A15B-55F4D2F8BD95}"
EndProject
Project("{FAE04EC0-301F-11D3-BF4B-00C04F79EFBC}") = "ClassLibrary", "ClassLibrary\ClassLibrary.csproj", "{DDA7853D-2422-4A68-A616-5D2107107A24}"
EndProject
Global
	GlobalSection(SolutionConfigurationPlatforms) = preSolution
		Debug|Any CPU = Debug|Any CPU
		Release|Any CPU = Release|Any CPU
	EndGlobalSection
	GlobalSection(ProjectConfigurationPlatforms) = postSolution
		{A648F46E-500E-4711-A15B-55F4D2F8BD95}.Debug|Any CPU.ActiveCfg = Debug|Any CPU
		{A648F46E-500E-4711-A15B-55F4D2F8BD95}.Debug|Any CPU.Build.0 = Debug|Any CPU
		{A648F46E-500E-4711-A15B-55F4D2F8BD95}.Release|Any CPU.ActiveCfg = Release|Any CPU
		{A648F46E-500E-4711-A15B-55F4D2F8BD95}.Release|Any CPU.Build.0 = Release|Any CPU
		{DDA7853D-2422-4A68-A616-5D2107107A24}.Debug|Any CPU.ActiveCfg = Debug|Any CPU
		{DDA7853D-2422-4A68-A616-5D2107107A24}.Debug|Any CPU.Build.0 = Debug|Any CPU
		{DDA7853D-2422-4A68-A616-5D2107107A24}.Release|Any CPU.ActiveCfg = Release|Any CPU
		{DDA7853D-2422-4A68-A616-5D2107107A24}.Release|Any CPU.Build.0 = Release|Any CPU
	EndGlobalSection
	GlobalSection(SolutionProperties) = preSolution
		HideSolutionNode = FALSE
	EndGlobalSection
EndGlobal
